# This file is automatically @generated by Cargo.
# It is not intended for manual editing.
version = 4

[[package]]
name = "abc81a"
version = "0.1.0"
dependencies = [
 "pr",
 "proconio",
]

[[package]]
name = "pr"
version = "0.0.1"
source = "registry+https://github.com/rust-lang/crates.io-index"
checksum = "7ad1386ee65e0033153ffac03b6d2581c95ac97ff42218f3cf65dc540af4d853"

[[package]]
name = "proconio"
version = "0.5.0"
source = "registry+https://github.com/rust-lang/crates.io-index"
checksum = "c10091de86d0dc939b37a115d74597cbe83af470032a1729d50c98ccee043cb0"
